// !$*UTF8*$!
{
	archiveVersion = 1;
	classes = {
	};
	objectVersion = 50;
	objects = {

/* Begin PBXBuildFile section */
		2E5C39DF219459E4008C61C4 /* AppDelegate.m in Sources */ = {isa = PBXBuildFile; fileRef = 2E5C39DE219459E4008C61C4 /* AppDelegate.m */; };
		2E5C39E2219459E4008C61C4 /* ViewController.m in Sources */ = {isa = PBXBuildFile; fileRef = 2E5C39E1219459E4008C61C4 /* ViewController.m */; };
		2E5C39E5219459E4008C61C4 /* Main.storyboard in Resources */ = {isa = PBXBuildFile; fileRef = 2E5C39E3219459E4008C61C4 /* Main.storyboard */; };
		2E5C39E7219459E9008C61C4 /* Assets.xcassets in Resources */ = {isa = PBXBuildFile; fileRef = 2E5C39E6219459E9008C61C4 /* Assets.xcassets */; };
		2E5C39EA219459E9008C61C4 /* LaunchScreen.storyboard in Resources */ = {isa = PBXBuildFile; fileRef = 2E5C39E8219459E9008C61C4 /* LaunchScreen.storyboard */; };
		2E5C39ED219459E9008C61C4 /* main.m in Sources */ = {isa = PBXBuildFile; fileRef = 2E5C39EC219459E9008C61C4 /* main.m */; };
		2E5C39F621945A04008C61C4 /* MKB.mm in Sources */ = {isa = PBXBuildFile; fileRef = 2E5C39F521945A04008C61C4 /* MKB.mm */; };
/* End PBXBuildFile section */

/* Begin PBXFileReference section */
		2E5C39DA219459E4008C61C4 /* MKB.app */ = {isa = PBXFileReference; explicitFileType = wrapper.application; includeInIndex = 0; path = MKB.app; sourceTree = BUILT_PRODUCTS_DIR; };
		2E5C39DD219459E4008C61C4 /* AppDelegate.h */ = {isa = PBXFileReference; lastKnownFileType = sourcecode.c.h; path = AppDelegate.h; sourceTree = "<group>"; };
		2E5C39DE219459E4008C61C4 /* AppDelegate.m */ = {isa = PBXFileReference; lastKnownFileType = sourcecode.c.objc; path = AppDelegate.m; sourceTree = "<group>"; };
		2E5C39E0219459E4008C61C4 /* ViewController.h */ = {isa = PBXFileReference; lastKnownFileType = sourcecode.c.h; path = ViewController.h; sourceTree = "<group>"; };
		2E5C39E1219459E4008C61C4 /* ViewController.m */ = {isa = PBXFileReference; lastKnownFileType = sourcecode.c.objc; path = ViewController.m; sourceTree = "<group>"; };
		2E5C39E4219459E4008C61C4 /* Base */ = {isa = PBXFileReference; lastKnownFileType = file.storyboard; name = Base; path = Base.lproj/Main.storyboard; sourceTree = "<group>"; };
		2E5C39E6219459E9008C61C4 /* Assets.xcassets */ = {isa = PBXFileReference; lastKnownFileType = folder.assetcatalog; path = Assets.xcassets; sourceTree = "<group>"; };
		2E5C39E9219459E9008C61C4 /* Base */ = {isa = PBXFileReference; lastKnownFileType = file.storyboard; name = Base; path = Base.lproj/LaunchScreen.storyboard; sourceTree = "<group>"; };
		2E5C39EB219459E9008C61C4 /* Info.plist */ = {isa = PBXFileReference; lastKnownFileType = text.plist.xml; path = Info.plist; sourceTree = "<group>"; };
		2E5C39EC219459E9008C61C4 /* main.m */ = {isa = PBXFileReference; lastKnownFileType = sourcecode.c.objc; path = main.m; sourceTree = "<group>"; };
		2E5C39F321945A04008C61C4 /* ScopedLock.hpp */ = {isa = PBXFileReference; fileEncoding = 4; lastKnownFileType = sourcecode.cpp.h; path = ScopedLock.hpp; sourceTree = "<group>"; };
		2E5C39F421945A04008C61C4 /* MKB.h */ = {isa = PBXFileReference; fileEncoding = 4; lastKnownFileType = sourcecode.c.h; path = MKB.h; sourceTree = "<group>"; };
		2E5C39F521945A04008C61C4 /* MKB.mm */ = {isa = PBXFileReference; fileEncoding = 4; lastKnownFileType = sourcecode.cpp.objcpp; path = MKB.mm; sourceTree = "<group>"; };
/* End PBXFileReference section */

/* Begin PBXFrameworksBuildPhase section */
		2E5C39D7219459E4008C61C4 /* Frameworks */ = {
			isa = PBXFrameworksBuildPhase;
			buildActionMask = 2147483647;
			files = (
			);
			runOnlyForDeploymentPostprocessing = 0;
		};
/* End PBXFrameworksBuildPhase section */

/* Begin PBXGroup section */
		2E5C39D1219459E3008C61C4 = {
			isa = PBXGroup;
			children = (
				2E5C39DC219459E4008C61C4 /* MKB */,
				2E5C39DB219459E4008C61C4 /* Products */,
			);
			sourceTree = "<group>";
		};
		2E5C39DB219459E4008C61C4 /* Products */ = {
			isa = PBXGroup;
			children = (
				2E5C39DA219459E4008C61C4 /* MKB.app */,
			);
			name = Products;
			sourceTree = "<group>";
		};
		2E5C39DC219459E4008C61C4 /* MKB */ = {
			isa = PBXGroup;
			children = (
				2E5C39F721945A0F008C61C4 /* Sources */,
				2E5C39DD219459E4008C61C4 /* AppDelegate.h */,
				2E5C39DE219459E4008C61C4 /* AppDelegate.m */,
				2E5C39E0219459E4008C61C4 /* ViewController.h */,
				2E5C39E1219459E4008C61C4 /* ViewController.m */,
				2E5C39E3219459E4008C61C4 /* Main.storyboard */,
				2E5C39E6219459E9008C61C4 /* Assets.xcassets */,
				2E5C39E8219459E9008C61C4 /* LaunchScreen.storyboard */,
				2E5C39EB219459E9008C61C4 /* Info.plist */,
				2E5C39EC219459E9008C61C4 /* main.m */,
			);
			path = MKB;
			sourceTree = "<group>";
		};
		2E5C39F721945A0F008C61C4 /* Sources */ = {
			isa = PBXGroup;
			children = (
				2E5C39F421945A04008C61C4 /* MKB.h */,
				2E5C39F521945A04008C61C4 /* MKB.mm */,
				2E5C39F321945A04008C61C4 /* ScopedLock.hpp */,
			);
			path = Sources;
			sourceTree = "<group>";
		};
/* End PBXGroup section */

/* Begin PBXNativeTarget section */
		2E5C39D9219459E4008C61C4 /* MKB */ = {
			isa = PBXNativeTarget;
			buildConfigurationList = 2E5C39F0219459E9008C61C4 /* Build configuration list for PBXNativeTarget "MKB" */;
			buildPhases = (
				2E5C39D6219459E4008C61C4 /* Sources */,
				2E5C39D7219459E4008C61C4 /* Frameworks */,
				2E5C39D8219459E4008C61C4 /* Resources */,
			);
			buildRules = (
			);
			dependencies = (
			);
			name = MKB;
			productName = MKB;
			productReference = 2E5C39DA219459E4008C61C4 /* MKB.app */;
			productType = "com.apple.product-type.application";
		};
/* End PBXNativeTarget section */

/* Begin PBXProject section */
		2E5C39D2219459E3008C61C4 /* Project object */ = {
			isa = PBXProject;
			attributes = {
				LastUpgradeCheck = 1010;
				ORGANIZATIONNAME = "Dan Lee";
				TargetAttributes = {
					2E5C39D9219459E4008C61C4 = {
						CreatedOnToolsVersion = 10.1;
					};
				};
			};
			buildConfigurationList = 2E5C39D5219459E3008C61C4 /* Build configuration list for PBXProject "MKB" */;
			compatibilityVersion = "Xcode 9.3";
			developmentRegion = en;
			hasScannedForEncodings = 0;
			knownRegions = (
				en,
				Base,
			);
			mainGroup = 2E5C39D1219459E3008C61C4;
			productRefGroup = 2E5C39DB219459E4008C61C4 /* Products */;
			projectDirPath = "";
			projectRoot = "";
			targets = (
				2E5C39D9219459E4008C61C4 /* MKB */,
			);
		};
/* End PBXProject section */

/* Begin PBXResourcesBuildPhase section */
		2E5C39D8219459E4008C61C4 /* Resources */ = {
			isa = PBXResourcesBuildPhase;
			buildActionMask = 2147483647;
			files = (
				2E5C39EA219459E9008C61C4 /* LaunchScreen.storyboard in Resources */,
				2E5C39E7219459E9008C61C4 /* Assets.xcassets in Resources */,
				2E5C39E5219459E4008C61C4 /* Main.storyboard in Resources */,
			);
			runOnlyForDeploymentPostprocessing = 0;
		};
/* End PBXResourcesBuildPhase section */

/* Begin PBXSourcesBuildPhase section */
		2E5C39D6219459E4008C61C4 /* Sources */ = {
			isa = PBXSourcesBuildPhase;
			buildActionMask = 2147483647;
			files = (
				2E5C39F621945A04008C61C4 /* MKB.mm in Sources */,
				2E5C39E2219459E4008C61C4 /* ViewController.m in Sources */,
				2E5C39ED219459E9008C61C4 /* main.m in Sources */,
				2E5C39DF219459E4008C61C4 /* AppDelegate.m in Sources */,
			);
			runOnlyForDeploymentPostprocessing = 0;
		};
/* End PBXSourcesBuildPhase section */

/* Begin PBXVariantGroup section */
		2E5C39E3219459E4008C61C4 /* Main.storyboard */ = {
			isa = PBXVariantGroup;
			children = (
				2E5C39E4219459E4008C61C4 /* Base */,
			);
			name = Main.storyboard;
			sourceTree = "<group>";
		};
		2E5C39E8219459E9008C61C4 /* LaunchScreen.storyboard */ = {
			isa = PBXVariantGroup;
			children = (
				2E5C39E9219459E9008C61C4 /* Base */,
			);
			name = LaunchScreen.storyboard;
			sourceTree = "<group>";
		};
/* End PBXVariantGroup section */

/* Begin XCBuildConfiguration section */
		2E5C39EE219459E9008C61C4 /* Debug */ = {
			isa = XCBuildConfiguration;
			buildSettings = {
				ALWAYS_SEARCH_USER_PATHS = NO;
				CLANG_ANALYZER_NONNULL = YES;
				CLANG_ANALYZER_NUMBER_OBJECT_CONVERSION = YES_AGGRESSIVE;
				CLANG_CXX_LANGUAGE_STANDARD = "gnu++14";
				CLANG_CXX_LIBRARY = "libc++";
				CLANG_ENABLE_MODULES = YES;
				CLANG_ENABLE_OBJC_ARC = YES;
				CLANG_ENABLE_OBJC_WEAK = YES;
				CLANG_WARN_BLOCK_CAPTURE_AUTORELEASING = YES;
				CLANG_WARN_BOOL_CONVERSION = YES;
				CLANG_WARN_COMMA = YES;
				CLANG_WARN_CONSTANT_CONVERSION = YES;
				CLANG_WARN_DEPRECATED_OBJC_IMPLEMENTATIONS = YES;
				CLANG_WARN_DIRECT_OBJC_ISA_USAGE = YES_ERROR;
				CLANG_WARN_DOCUMENTATION_COMMENTS = YES;
				CLANG_WARN_EMPTY_BODY = YES;
				CLANG_WARN_ENUM_CONVERSION = YES;
				CLANG_WARN_INFINITE_RECURSION = YES;
				CLANG_WARN_INT_CONVERSION = YES;
				CLANG_WARN_NON_LITERAL_NULL_CONVERSION = YES;
				CLANG_WARN_OBJC_IMPLICIT_RETAIN_SELF = YES;
				CLANG_WARN_OBJC_LITERAL_CONVERSION = YES;
				CLANG_WARN_OBJC_ROOT_CLASS = YES_ERROR;
				CLANG_WARN_RANGE_LOOP_ANALYSIS = YES;
				CLANG_WARN_STRICT_PROTOTYPES = YES;
				CLANG_WARN_SUSPICIOUS_MOVE = YES;
				CLANG_WARN_UNGUARDED_AVAILABILITY = YES_AGGRESSIVE;
				CLANG_WARN_UNREACHABLE_CODE = YES;
				CLANG_WARN__DUPLICATE_METHOD_MATCH = YES;
				CODE_SIGN_IDENTITY = "iPhone Developer";
				COPY_PHASE_STRIP = NO;
				DEBUG_INFORMATION_FORMAT = dwarf;
				ENABLE_STRICT_OBJC_MSGSEND = YES;
				ENABLE_TESTABILITY = YES;
				GCC_C_LANGUAGE_STANDARD = gnu11;
				GCC_DYNAMIC_NO_PIC = NO;
				GCC_NO_COMMON_BLOCKS = YES;
				GCC_OPTIMIZATION_LEVEL = 0;
				GCC_PREPROCESSOR_DEFINITIONS = (
					"DEBUG=1",
					"$(inherited)",
				);
				GCC_WARN_64_TO_32_BIT_CONVERSION = YES;
				GCC_WARN_ABOUT_RETURN_TYPE = YES_ERROR;
				GCC_WARN_UNDECLARED_SELECTOR = YES;
				GCC_WARN_UNINITIALIZED_AUTOS = YES_AGGRESSIVE;
				GCC_WARN_UNUSED_FUNCTION = YES;
				GCC_WARN_UNUSED_VARIABLE = YES;
				IPHONEOS_DEPLOYMENT_TARGET = 12.1;
				MTL_ENABLE_DEBUG_INFO = INCLUDE_SOURCE;
				MTL_FAST_MATH = YES;
				ONLY_ACTIVE_ARCH = YES;
				SDKROOT = iphoneos;
			};
			name = Debug;
		};
		2E5C39EF219459E9008C61C4 /* Release */ = {
			isa = XCBuildConfiguration;
			buildSettings = {
				ALWAYS_SEARCH_USER_PATHS = NO;
				CLANG_ANALYZER_NONNULL = YES;
				CLANG_ANALYZER_NUMBER_OBJECT_CONVERSION = YES_AGGRESSIVE;
				CLANG_CXX_LANGUAGE_STANDARD = "gnu++14";
				CLANG_CXX_LIBRARY = "libc++";
				CLANG_ENABLE_MODULES = YES;
				CLANG_ENABLE_OBJC_ARC = YES;
				CLANG_ENABLE_OBJC_WEAK = YES;
				CLANG_WARN_BLOCK_CAPTURE_AUTORELEASING = YES;
				CLANG_WARN_BOOL_CONVERSION = YES;
				CLANG_WARN_COMMA = YES;
				CLANG_WARN_CONSTANT_CONVERSION = YES;
				CLANG_WARN_DEPRECATED_OBJC_IMPLEMENTATIONS = YES;
				CLANG_WARN_DIRECT_OBJC_ISA_USAGE = YES_ERROR;
				CLANG_WARN_DOCUMENTATION_COMMENTS = YES;
				CLANG_WARN_EMPTY_BODY = YES;
				CLANG_WARN_ENUM_CONVERSION = YES;
				CLANG_WARN_INFINITE_RECURSION = YES;
				CLANG_WARN_INT_CONVERSION = YES;
				CLANG_WARN_NON_LITERAL_NULL_CONVERSION = YES;
				CLANG_WARN_OBJC_IMPLICIT_RETAIN_SELF = YES;
				CLANG_WARN_OBJC_LITERAL_CONVERSION = YES;
				CLANG_WARN_OBJC_ROOT_CLASS = YES_ERROR;
				CLANG_WARN_RANGE_LOOP_ANALYSIS = YES;
				CLANG_WARN_STRICT_PROTOTYPES = YES;
				CLANG_WARN_SUSPICIOUS_MOVE = YES;
				CLANG_WARN_UNGUARDED_AVAILABILITY = YES_AGGRESSIVE;
				CLANG_WARN_UNREACHABLE_CODE = YES;
				CLANG_WARN__DUPLICATE_METHOD_MATCH = YES;
				CODE_SIGN_IDENTITY = "iPhone Developer";
				COPY_PHASE_STRIP = NO;
				DEBUG_INFORMATION_FORMAT = "dwarf-with-dsym";
				ENABLE_NS_ASSERTIONS = NO;
				ENABLE_STRICT_OBJC_MSGSEND = YES;
				GCC_C_LANGUAGE_STANDARD = gnu11;
				GCC_NO_COMMON_BLOCKS = YES;
				GCC_WARN_64_TO_32_BIT_CONVERSION = YES;
				GCC_WARN_ABOUT_RETURN_TYPE = YES_ERROR;
				GCC_WARN_UNDECLARED_SELECTOR = YES;
				GCC_WARN_UNINITIALIZED_AUTOS = YES_AGGRESSIVE;
				GCC_WARN_UNUSED_FUNCTION = YES;
				GCC_WARN_UNUSED_VARIABLE = YES;
				IPHONEOS_DEPLOYMENT_TARGET = 12.1;
				MTL_ENABLE_DEBUG_INFO = NO;
				MTL_FAST_MATH = YES;
				SDKROOT = iphoneos;
				VALIDATE_PRODUCT = YES;
			};
			name = Release;
		};
		2E5C39F1219459E9008C61C4 /* Debug */ = {
			isa = XCBuildConfiguration;
			buildSettings = {
				ASSETCATALOG_COMPILER_APPICON_NAME = AppIcon;
				CODE_SIGN_STYLE = Automatic;
				DEVELOPMENT_TEAM = "";
				INFOPLIST_FILE = MKB/Info.plist;
				IPHONEOS_DEPLOYMENT_TARGET = 11.0;
				LD_RUNPATH_SEARCH_PATHS = (
					"$(inherited)",
					"@executable_path/Frameworks",
				);
				PRODUCT_BUNDLE_IDENTIFIER = com.danlee.MKB;
				PRODUCT_NAME = "$(TARGET_NAME)";
				TARGETED_DEVICE_FAMILY = "1,2";
			};
			name = Debug;
		};
		2E5C39F2219459E9008C61C4 /* Release */ = {
			isa = XCBuildConfiguration;
			buildSettings = {
				ASSETCATALOG_COMPILER_APPICON_NAME = AppIcon;
				CODE_SIGN_STYLE = Automatic;
				DEVELOPMENT_TEAM = "";
				INFOPLIST_FILE = MKB/Info.plist;
				IPHONEOS_DEPLOYMENT_TARGET = 11.0;
				LD_RUNPATH_SEARCH_PATHS = (
					"$(inherited)",
					"@executable_path/Frameworks",
				);
				PRODUCT_BUNDLE_IDENTIFIER = com.danlee.MKB;
				PRODUCT_NAME = "$(TARGET_NAME)";
				TARGETED_DEVICE_FAMILY = "1,2";
			};
			name = Release;
		};
/* End XCBuildConfiguration section */

/* Begin XCConfigurationList section */
		2E5C39D5219459E3008C61C4 /* Build configuration list for PBXProject "MKB" */ = {
			isa = XCConfigurationList;
			buildConfigurations = (
				2E5C39EE219459E9008C61C4 /* Debug */,
				2E5C39EF219459E9008C61C4 /* Release */,
			);
			defaultConfigurationIsVisible = 0;
			defaultConfigurationName = Release;
		};
		2E5C39F0219459E9008C61C4 /* Build configuration list for PBXNativeTarget "MKB" */ = {
			isa = XCConfigurationList;
			buildConfigurations = (
				2E5C39F1219459E9008C61C4 /* Debug */,
				2E5C39F2219459E9008C61C4 /* Release */,
			);
			defaultConfigurationIsVisible = 0;
			defaultConfigurationName = Release;
		};
/* End XCConfigurationList section */
	};
	rootObject = 2E5C39D2219459E3008C61C4 /* Project object */;
}
